
Microsoft Visual Studio Solution File, Format Version 12.00
# Visual Studio Version 17
VisualStudioVersion = 17.4.33213.308
MinimumVisualStudioVersion = 10.0.40219.1
Project("{FAE04EC0-301F-11D3-BF4B-00C04F79EFBC}") = "LINQ_1", "LINQ_1\LINQ_1.csproj", "{BD5DD5C1-97A0-4BD9-AFC5-BF1CC9559ECF}"
EndProject
Global
	GlobalSection(SolutionConfigurationPlatforms) = preSolution
		Debug|Any CPU = Debug|Any CPU
		Release|Any CPU = Release|Any CPU
	EndGlobalSection
	GlobalSection(ProjectConfigurationPlatforms) = postSolution
		{BD5DD5C1-97A0-4BD9-AFC5-BF1CC9559ECF}.Debug|Any CPU.ActiveCfg = Debug|Any CPU
		{BD5DD5C1-97A0-4BD9-AFC5-BF1CC9559ECF}.Debug|Any CPU.Build.0 = Debug|Any CPU
		{BD5DD5C1-97A0-4BD9-AFC5-BF1CC9559ECF}.Release|Any CPU.ActiveCfg = Release|Any CPU
		{BD5DD5C1-97A0-4BD9-AFC5-BF1CC9559ECF}.Release|Any CPU.Build.0 = Release|Any CPU
	EndGlobalSection
	GlobalSection(SolutionProperties) = preSolution
		HideSolutionNode = FALSE
	EndGlobalSection
	GlobalSection(ExtensibilityGlobals) = postSolution
		SolutionGuid = {3B28263D-6E19-46F1-AA2A-37185FD82181}
	EndGlobalSection
EndGlobal
